
Microsoft Visual Studio Solution File, Format Version 12.00
# Visual Studio 15
VisualStudioVersion = 15.0.28307.539
MinimumVisualStudioVersion = 10.0.40219.1
Project("{2150E333-8FDC-42A3-9474-1A3956D46DE8}") = "Services", "Services", "{C1BBF92E-E519-4FD0-BC89-0C4F2A555F60}"
EndProject
Project("{2150E333-8FDC-42A3-9474-1A3956D46DE8}") = "Gateways", "Gateways", "{C68020B5-5DA9-4DC5-90CB-AE0A15A939A3}"
EndProject
Project("{2150E333-8FDC-42A3-9474-1A3956D46DE8}") = "Common", "Common", "{CB975616-43A0-441C-AB8B-B62FF85F7F97}"
EndProject
Project("{FAE04EC0-301F-11D3-BF4B-00C04F79EFBC}") = "Deliveries", "Deliveries\Deliveries.csproj", "{C7F6E23F-A5AF-46FE-9FF9-53F7C92D8527}"
EndProject
Project("{FAE04EC0-301F-11D3-BF4B-00C04F79EFBC}") = "Orders", "Orders\Orders.csproj", "{2C047254-AB17-4A23-8907-3C1A3395D672}"
EndProject
Project("{FAE04EC0-301F-11D3-BF4B-00C04F79EFBC}") = "API.Gateway", "API.Gateway\API.Gateway.csproj", "{D93822F9-BFD8-4844-A747-9A51B08ABCEB}"
EndProject
Project("{FAE04EC0-301F-11D3-BF4B-00C04F79EFBC}") = "Infrastructure", "Infrastructure\Infrastructure.csproj", "{506BDBA7-EBA2-40BE-8590-8085CF600D87}"
EndProject
Global
	GlobalSection(SolutionConfigurationPlatforms) = preSolution
		Debug|Any CPU = Debug|Any CPU
		Release|Any CPU = Release|Any CPU
	EndGlobalSection
	GlobalSection(ProjectConfigurationPlatforms) = postSolution
		{C7F6E23F-A5AF-46FE-9FF9-53F7C92D8527}.Debug|Any CPU.ActiveCfg = Debug|Any CPU
		{C7F6E23F-A5AF-46FE-9FF9-53F7C92D8527}.Debug|Any CPU.Build.0 = Debug|Any CPU
		{C7F6E23F-A5AF-46FE-9FF9-53F7C92D8527}.Release|Any CPU.ActiveCfg = Release|Any CPU
		{C7F6E23F-A5AF-46FE-9FF9-53F7C92D8527}.Release|Any CPU.Build.0 = Release|Any CPU
		{2C047254-AB17-4A23-8907-3C1A3395D672}.Debug|Any CPU.ActiveCfg = Debug|Any CPU
		{2C047254-AB17-4A23-8907-3C1A3395D672}.Debug|Any CPU.Build.0 = Debug|Any CPU
		{2C047254-AB17-4A23-8907-3C1A3395D672}.Release|Any CPU.ActiveCfg = Release|Any CPU
		{2C047254-AB17-4A23-8907-3C1A3395D672}.Release|Any CPU.Build.0 = Release|Any CPU
		{D93822F9-BFD8-4844-A747-9A51B08ABCEB}.Debug|Any CPU.ActiveCfg = Debug|Any CPU
		{D93822F9-BFD8-4844-A747-9A51B08ABCEB}.Debug|Any CPU.Build.0 = Debug|Any CPU
		{D93822F9-BFD8-4844-A747-9A51B08ABCEB}.Release|Any CPU.ActiveCfg = Release|Any CPU
		{D93822F9-BFD8-4844-A747-9A51B08ABCEB}.Release|Any CPU.Build.0 = Release|Any CPU
		{506BDBA7-EBA2-40BE-8590-8085CF600D87}.Debug|Any CPU.ActiveCfg = Debug|Any CPU
		{506BDBA7-EBA2-40BE-8590-8085CF600D87}.Debug|Any CPU.Build.0 = Debug|Any CPU
		{506BDBA7-EBA2-40BE-8590-8085CF600D87}.Release|Any CPU.ActiveCfg = Release|Any CPU
		{506BDBA7-EBA2-40BE-8590-8085CF600D87}.Release|Any CPU.Build.0 = Release|Any CPU
	EndGlobalSection
	GlobalSection(SolutionProperties) = preSolution
		HideSolutionNode = FALSE
	EndGlobalSection
	GlobalSection(NestedProjects) = preSolution
		{C7F6E23F-A5AF-46FE-9FF9-53F7C92D8527} = {C1BBF92E-E519-4FD0-BC89-0C4F2A555F60}
		{2C047254-AB17-4A23-8907-3C1A3395D672} = {C1BBF92E-E519-4FD0-BC89-0C4F2A555F60}
		{D93822F9-BFD8-4844-A747-9A51B08ABCEB} = {C68020B5-5DA9-4DC5-90CB-AE0A15A939A3}
		{506BDBA7-EBA2-40BE-8590-8085CF600D87} = {CB975616-43A0-441C-AB8B-B62FF85F7F97}
	EndGlobalSection
	GlobalSection(ExtensibilityGlobals) = postSolution
		SolutionGuid = {D942BA96-7271-4E72-AB80-E6080CEB27CB}
	EndGlobalSection
EndGlobal
